
Microsoft Visual Studio Solution File, Format Version 12.00
# Visual Studio 15
VisualStudioVersion = 15.0.28010.2003
MinimumVisualStudioVersion = 10.0.40219.1
Project("{A07B5EB6-E848-4116-A8D0-A826331D98C6}") = "HelloWorldWithData", "HelloWorldWithData\HelloWorldWithData.sfproj", "{ED1D1E05-696E-48C2-AC0F-D4AE06DD163F}"
EndProject
Project("{FAE04EC0-301F-11D3-BF4B-00C04F79EFBC}") = "HelloWorldService", "HelloWorldService\HelloWorldService.csproj", "{D6851373-05FC-4C35-8BB9-6B7A0AD83EB4}"
EndProject
Global
	GlobalSection(SolutionConfigurationPlatforms) = preSolution
		Debug|x64 = Debug|x64
		Release|x64 = Release|x64
	EndGlobalSection
	GlobalSection(ProjectConfigurationPlatforms) = postSolution
		{ED1D1E05-696E-48C2-AC0F-D4AE06DD163F}.Debug|x64.ActiveCfg = Debug|x64
		{ED1D1E05-696E-48C2-AC0F-D4AE06DD163F}.Debug|x64.Build.0 = Debug|x64
		{ED1D1E05-696E-48C2-AC0F-D4AE06DD163F}.Debug|x64.Deploy.0 = Debug|x64
		{ED1D1E05-696E-48C2-AC0F-D4AE06DD163F}.Release|x64.ActiveCfg = Release|x64
		{ED1D1E05-696E-48C2-AC0F-D4AE06DD163F}.Release|x64.Build.0 = Release|x64
		{ED1D1E05-696E-48C2-AC0F-D4AE06DD163F}.Release|x64.Deploy.0 = Release|x64
		{D6851373-05FC-4C35-8BB9-6B7A0AD83EB4}.Debug|x64.ActiveCfg = Debug|x64
		{D6851373-05FC-4C35-8BB9-6B7A0AD83EB4}.Debug|x64.Build.0 = Debug|x64
		{D6851373-05FC-4C35-8BB9-6B7A0AD83EB4}.Release|x64.ActiveCfg = Release|x64
		{D6851373-05FC-4C35-8BB9-6B7A0AD83EB4}.Release|x64.Build.0 = Release|x64
	EndGlobalSection
	GlobalSection(SolutionProperties) = preSolution
		HideSolutionNode = FALSE
	EndGlobalSection
	GlobalSection(ExtensibilityGlobals) = postSolution
		SolutionGuid = {14296839-0089-4C60-8EB9-2DB74DFA0C9E}
	EndGlobalSection
EndGlobal
